
Microsoft Visual Studio Solution File, Format Version 11.00
# Visual Studio 2010
Project("{FAE04EC0-301F-11D3-BF4B-00C04F79EFBC}") = "Maui", "Assembly-CSharp.csproj", "{6AD897E5-6382-2BF4-C373-AE6457925F28}"
EndProject
Project("{FAE04EC0-301F-11D3-BF4B-00C04F79EFBC}") = "Maui", "Assembly-CSharp-Editor.csproj", "{4578C2E1-0585-D995-BEE8-B16C0BD25B86}"
EndProject
Global
	GlobalSection(SolutionConfigurationPlatforms) = preSolution
		Debug|Any CPU = Debug|Any CPU
		Release|Any CPU = Release|Any CPU
	EndGlobalSection
	GlobalSection(ProjectConfigurationPlatforms) = postSolution
		{6AD897E5-6382-2BF4-C373-AE6457925F28}.Debug|Any CPU.ActiveCfg = Debug|Any CPU
		{6AD897E5-6382-2BF4-C373-AE6457925F28}.Debug|Any CPU.Build.0 = Debug|Any CPU
		{6AD897E5-6382-2BF4-C373-AE6457925F28}.Release|Any CPU.ActiveCfg = Release|Any CPU
		{6AD897E5-6382-2BF4-C373-AE6457925F28}.Release|Any CPU.Build.0 = Release|Any CPU
		{4578C2E1-0585-D995-BEE8-B16C0BD25B86}.Debug|Any CPU.ActiveCfg = Debug|Any CPU
		{4578C2E1-0585-D995-BEE8-B16C0BD25B86}.Debug|Any CPU.Build.0 = Debug|Any CPU
		{4578C2E1-0585-D995-BEE8-B16C0BD25B86}.Release|Any CPU.ActiveCfg = Release|Any CPU
		{4578C2E1-0585-D995-BEE8-B16C0BD25B86}.Release|Any CPU.Build.0 = Release|Any CPU
	EndGlobalSection
	GlobalSection(SolutionProperties) = preSolution
		HideSolutionNode = FALSE
	EndGlobalSection
	GlobalSection(MonoDevelopProperties) = preSolution
		StartupItem = Assembly-CSharp.csproj
	EndGlobalSection
EndGlobal
